
Microsoft Visual Studio Solution File, Format Version 12.00
# Visual Studio Version 17
VisualStudioVersion = 17.4.33213.308
MinimumVisualStudioVersion = 10.0.40219.1
Project("{8BC9CEB8-8B4A-11D0-8D11-00A0C91BC942}") = "lmsw", "lmsw.vcxproj", "{1A2A7544-0547-4539-8B53-047FB9A15C75}"
EndProject
Global
	GlobalSection(SolutionConfigurationPlatforms) = preSolution
		Release|x86 = Release|x86
	EndGlobalSection
	GlobalSection(ProjectConfigurationPlatforms) = postSolution
		{1A2A7544-0547-4539-8B53-047FB9A15C75}.Release|x86.ActiveCfg = Release|Win32
		{1A2A7544-0547-4539-8B53-047FB9A15C75}.Release|x86.Build.0 = Release|Win32
	EndGlobalSection
	GlobalSection(SolutionProperties) = preSolution
		HideSolutionNode = FALSE
	EndGlobalSection
	GlobalSection(ExtensibilityGlobals) = postSolution
		SolutionGuid = {5811D888-3398-4619-A5A4-E260E487D812}
	EndGlobalSection
EndGlobal
